// !$*UTF8*$!
{
	archiveVersion = 1;
	classes = {
	};
	objectVersion = 50;
	objects = {

/* Begin PBXBuildFile section */
		B87838242132AA0800028DC9 /* AppDelegate.swift in Sources */ = {isa = PBXBuildFile; fileRef = B87838232132AA0800028DC9 /* AppDelegate.swift */; };
		B878382C2132AA1400028DC9 /* Assets.xcassets in Resources */ = {isa = PBXBuildFile; fileRef = B87838262132AA1400028DC9 /* Assets.xcassets */; };
		B878382D2132AA1400028DC9 /* LaunchScreen.storyboard in Resources */ = {isa = PBXBuildFile; fileRef = B87838272132AA1400028DC9 /* LaunchScreen.storyboard */; };
		B87838542132AAFF00028DC9 /* Gallery.storyboard in Resources */ = {isa = PBXBuildFile; fileRef = B87838492132AAFF00028DC9 /* Gallery.storyboard */; };
		B87838552132AAFF00028DC9 /* GalleryPresenter.swift in Sources */ = {isa = PBXBuildFile; fileRef = B878384B2132AAFF00028DC9 /* GalleryPresenter.swift */; };
		B87838562132AAFF00028DC9 /* GalleryDataInteractor.swift in Sources */ = {isa = PBXBuildFile; fileRef = B878384D2132AAFF00028DC9 /* GalleryDataInteractor.swift */; };
		B87838572132AAFF00028DC9 /* GalleryViewController.swift in Sources */ = {isa = PBXBuildFile; fileRef = B878384F2132AAFF00028DC9 /* GalleryViewController.swift */; };
		B87838582132AAFF00028DC9 /* GalleryInterfaces.swift in Sources */ = {isa = PBXBuildFile; fileRef = B87838512132AAFF00028DC9 /* GalleryInterfaces.swift */; };
		B87838592132AAFF00028DC9 /* GalleryWireframe.swift in Sources */ = {isa = PBXBuildFile; fileRef = B87838532132AAFF00028DC9 /* GalleryWireframe.swift */; };
		B87838632132AB6300028DC9 /* ExternalObjectViewInterfaceType.swift in Sources */ = {isa = PBXBuildFile; fileRef = B878385C2132AB6300028DC9 /* ExternalObjectViewInterfaceType.swift */; };
		B87838642132AB6300028DC9 /* PresenterInterface.swift in Sources */ = {isa = PBXBuildFile; fileRef = B878385D2132AB6300028DC9 /* PresenterInterface.swift */; };
		B87838652132AB6300028DC9 /* ViewInterface.swift in Sources */ = {isa = PBXBuildFile; fileRef = B878385E2132AB6300028DC9 /* ViewInterface.swift */; };
		B87838662132AB6300028DC9 /* DataInteractorDelegateInterface.swift in Sources */ = {isa = PBXBuildFile; fileRef = B878385F2132AB6300028DC9 /* DataInteractorDelegateInterface.swift */; };
		B87838672132AB6300028DC9 /* BaseWireframeInterface.swift in Sources */ = {isa = PBXBuildFile; fileRef = B87838602132AB6300028DC9 /* BaseWireframeInterface.swift */; };
		B87838682132AB6300028DC9 /* InteractorInterface.swift in Sources */ = {isa = PBXBuildFile; fileRef = B87838612132AB6300028DC9 /* InteractorInterface.swift */; };
		B87838692132AB6300028DC9 /* DataInteractorInterface.swift in Sources */ = {isa = PBXBuildFile; fileRef = B87838622132AB6300028DC9 /* DataInteractorInterface.swift */; };
		B87838742132AF9A00028DC9 /* Info.plist in Resources */ = {isa = PBXBuildFile; fileRef = B87838732132AF9A00028DC9 /* Info.plist */; };
		B87839AF2132BAB300028DC9 /* GalleryService.swift in Sources */ = {isa = PBXBuildFile; fileRef = B87839AE2132BAB300028DC9 /* GalleryService.swift */; };
		B87839B92132CC3A00028DC9 /* FlickrPhoto.swift in Sources */ = {isa = PBXBuildFile; fileRef = B87839B82132CC3A00028DC9 /* FlickrPhoto.swift */; };
		B87839BD2132CDB700028DC9 /* GalleryDataSource.swift in Sources */ = {isa = PBXBuildFile; fileRef = B87839BC2132CDB700028DC9 /* GalleryDataSource.swift */; };
		B87839BF2132CF5800028DC9 /* GalleryDelegate.swift in Sources */ = {isa = PBXBuildFile; fileRef = B87839BE2132CF5800028DC9 /* GalleryDelegate.swift */; };
		B87839C12132EDF300028DC9 /* GalleryTableViewCell.swift in Sources */ = {isa = PBXBuildFile; fileRef = B87839C02132EDF300028DC9 /* GalleryTableViewCell.swift */; };
		B87839C32132EE2C00028DC9 /* Configurable.swift in Sources */ = {isa = PBXBuildFile; fileRef = B87839C22132EE2C00028DC9 /* Configurable.swift */; };
/* End PBXBuildFile section */

/* Begin PBXContainerItemProxy section */
		B87837D62132A8E600028DC9 /* PBXContainerItemProxy */ = {
			isa = PBXContainerItemProxy;
			containerPortal = B87837B92132A8E600028DC9 /* Project object */;
			proxyType = 1;
			remoteGlobalIDString = B87837C02132A8E600028DC9;
			remoteInfo = Flickr;
		};
/* End PBXContainerItemProxy section */

/* Begin PBXFileReference section */
		B87837C12132A8E600028DC9 /* Flickr.app */ = {isa = PBXFileReference; explicitFileType = wrapper.application; includeInIndex = 0; path = Flickr.app; sourceTree = BUILT_PRODUCTS_DIR; };
		B87837D52132A8E600028DC9 /* FlickrTests.xctest */ = {isa = PBXFileReference; explicitFileType = wrapper.cfbundle; includeInIndex = 0; path = FlickrTests.xctest; sourceTree = BUILT_PRODUCTS_DIR; };
		B87838232132AA0800028DC9 /* AppDelegate.swift */ = {isa = PBXFileReference; fileEncoding = 4; lastKnownFileType = sourcecode.swift; path = AppDelegate.swift; sourceTree = "<group>"; };
		B87838262132AA1400028DC9 /* Assets.xcassets */ = {isa = PBXFileReference; lastKnownFileType = folder.assetcatalog; path = Assets.xcassets; sourceTree = "<group>"; };
		B87838282132AA1400028DC9 /* Base */ = {isa = PBXFileReference; lastKnownFileType = file.storyboard; name = Base; path = Base.lproj/LaunchScreen.storyboard; sourceTree = "<group>"; };
		B878382B2132AA1400028DC9 /* Info.plist */ = {isa = PBXFileReference; fileEncoding = 4; lastKnownFileType = text.plist.xml; path = Info.plist; sourceTree = "<group>"; };
		B87838492132AAFF00028DC9 /* Gallery.storyboard */ = {isa = PBXFileReference; fileEncoding = 4; lastKnownFileType = file.storyboard; path = Gallery.storyboard; sourceTree = "<group>"; };
		B878384B2132AAFF00028DC9 /* GalleryPresenter.swift */ = {isa = PBXFileReference; fileEncoding = 4; lastKnownFileType = sourcecode.swift; path = GalleryPresenter.swift; sourceTree = "<group>"; };
		B878384D2132AAFF00028DC9 /* GalleryDataInteractor.swift */ = {isa = PBXFileReference; fileEncoding = 4; lastKnownFileType = sourcecode.swift; path = GalleryDataInteractor.swift; sourceTree = "<group>"; };
		B878384F2132AAFF00028DC9 /* GalleryViewController.swift */ = {isa = PBXFileReference; fileEncoding = 4; lastKnownFileType = sourcecode.swift; path = GalleryViewController.swift; sourceTree = "<group>"; };
		B87838512132AAFF00028DC9 /* GalleryInterfaces.swift */ = {isa = PBXFileReference; fileEncoding = 4; lastKnownFileType = sourcecode.swift; path = GalleryInterfaces.swift; sourceTree = "<group>"; };
		B87838532132AAFF00028DC9 /* GalleryWireframe.swift */ = {isa = PBXFileReference; fileEncoding = 4; lastKnownFileType = sourcecode.swift; path = GalleryWireframe.swift; sourceTree = "<group>"; };
		B878385C2132AB6300028DC9 /* ExternalObjectViewInterfaceType.swift */ = {isa = PBXFileReference; fileEncoding = 4; lastKnownFileType = sourcecode.swift; path = ExternalObjectViewInterfaceType.swift; sourceTree = "<group>"; };
		B878385D2132AB6300028DC9 /* PresenterInterface.swift */ = {isa = PBXFileReference; fileEncoding = 4; lastKnownFileType = sourcecode.swift; path = PresenterInterface.swift; sourceTree = "<group>"; };
		B878385E2132AB6300028DC9 /* ViewInterface.swift */ = {isa = PBXFileReference; fileEncoding = 4; lastKnownFileType = sourcecode.swift; path = ViewInterface.swift; sourceTree = "<group>"; };
		B878385F2132AB6300028DC9 /* DataInteractorDelegateInterface.swift */ = {isa = PBXFileReference; fileEncoding = 4; lastKnownFileType = sourcecode.swift; path = DataInteractorDelegateInterface.swift; sourceTree = "<group>"; };
		B87838602132AB6300028DC9 /* BaseWireframeInterface.swift */ = {isa = PBXFileReference; fileEncoding = 4; lastKnownFileType = sourcecode.swift; path = BaseWireframeInterface.swift; sourceTree = "<group>"; };
		B87838612132AB6300028DC9 /* InteractorInterface.swift */ = {isa = PBXFileReference; fileEncoding = 4; lastKnownFileType = sourcecode.swift; path = InteractorInterface.swift; sourceTree = "<group>"; };
		B87838622132AB6300028DC9 /* DataInteractorInterface.swift */ = {isa = PBXFileReference; fileEncoding = 4; lastKnownFileType = sourcecode.swift; path = DataInteractorInterface.swift; sourceTree = "<group>"; };
		B87838732132AF9A00028DC9 /* Info.plist */ = {isa = PBXFileReference; fileEncoding = 4; lastKnownFileType = text.plist.xml; path = Info.plist; sourceTree = "<group>"; };
		B87839AE2132BAB300028DC9 /* GalleryService.swift */ = {isa = PBXFileReference; lastKnownFileType = sourcecode.swift; path = GalleryService.swift; sourceTree = "<group>"; };
		B87839B82132CC3A00028DC9 /* FlickrPhoto.swift */ = {isa = PBXFileReference; fileEncoding = 4; lastKnownFileType = sourcecode.swift; path = FlickrPhoto.swift; sourceTree = "<group>"; };
		B87839BC2132CDB700028DC9 /* GalleryDataSource.swift */ = {isa = PBXFileReference; lastKnownFileType = sourcecode.swift; path = GalleryDataSource.swift; sourceTree = "<group>"; };
		B87839BE2132CF5800028DC9 /* GalleryDelegate.swift */ = {isa = PBXFileReference; lastKnownFileType = sourcecode.swift; path = GalleryDelegate.swift; sourceTree = "<group>"; };
		B87839C02132EDF300028DC9 /* GalleryTableViewCell.swift */ = {isa = PBXFileReference; lastKnownFileType = sourcecode.swift; path = GalleryTableViewCell.swift; sourceTree = "<group>"; };
		B87839C22132EE2C00028DC9 /* Configurable.swift */ = {isa = PBXFileReference; lastKnownFileType = sourcecode.swift; path = Configurable.swift; sourceTree = "<group>"; };
/* End PBXFileReference section */

/* Begin PBXFrameworksBuildPhase section */
		B87837BE2132A8E600028DC9 /* Frameworks */ = {
			isa = PBXFrameworksBuildPhase;
			buildActionMask = 2147483647;
			files = (
			);
			runOnlyForDeploymentPostprocessing = 0;
		};
		B87837D22132A8E600028DC9 /* Frameworks */ = {
			isa = PBXFrameworksBuildPhase;
			buildActionMask = 2147483647;
			files = (
			);
			runOnlyForDeploymentPostprocessing = 0;
		};
/* End PBXFrameworksBuildPhase section */

/* Begin PBXGroup section */
		B87837B82132A8E600028DC9 = {
			isa = PBXGroup;
			children = (
				B87837C32132A8E600028DC9 /* Flickr */,
				B87837D82132A8E600028DC9 /* FlickrTests */,
				B87837C22132A8E600028DC9 /* Products */,
			);
			sourceTree = "<group>";
		};
		B87837C22132A8E600028DC9 /* Products */ = {
			isa = PBXGroup;
			children = (
				B87837C12132A8E600028DC9 /* Flickr.app */,
				B87837D52132A8E600028DC9 /* FlickrTests.xctest */,
			);
			name = Products;
			sourceTree = "<group>";
		};
		B87837C32132A8E600028DC9 /* Flickr */ = {
			isa = PBXGroup;
			children = (
				B87838212132AA0800028DC9 /* Source */,
				B87838252132AA1400028DC9 /* Resources */,
			);
			path = Flickr;
			sourceTree = "<group>";
		};
		B87837D82132A8E600028DC9 /* FlickrTests */ = {
			isa = PBXGroup;
			children = (
				B878386A2132AEF000028DC9 /* Source */,
				B87838722132AF9A00028DC9 /* Resource */,
			);
			path = FlickrTests;
			sourceTree = "<group>";
		};
		B87838212132AA0800028DC9 /* Source */ = {
			isa = PBXGroup;
			children = (
				B87838232132AA0800028DC9 /* AppDelegate.swift */,
				B87838222132AA0800028DC9 /* Shared */,
				B87838462132AAFF00028DC9 /* Modules */,
			);
			path = Source;
			sourceTree = "<group>";
		};
		B87838222132AA0800028DC9 /* Shared */ = {
			isa = PBXGroup;
			children = (
				B878385A2132AB6300028DC9 /* Protocols */,
			);
			path = Shared;
			sourceTree = "<group>";
		};
		B87838252132AA1400028DC9 /* Resources */ = {
			isa = PBXGroup;
			children = (
				B87838262132AA1400028DC9 /* Assets.xcassets */,
				B87838272132AA1400028DC9 /* LaunchScreen.storyboard */,
				B878382B2132AA1400028DC9 /* Info.plist */,
			);
			path = Resources;
			sourceTree = "<group>";
		};
		B87838462132AAFF00028DC9 /* Modules */ = {
			isa = PBXGroup;
			children = (
				B87838472132AAFF00028DC9 /* Gallery */,
			);
			path = Modules;
			sourceTree = "<group>";
		};
		B87838472132AAFF00028DC9 /* Gallery */ = {
			isa = PBXGroup;
			children = (
				B87838502132AAFF00028DC9 /* Protocols */,
				B878384E2132AAFF00028DC9 /* Views */,
				B878384C2132AAFF00028DC9 /* Interactors */,
				B878384A2132AAFF00028DC9 /* Presenter */,
				B87839B72132CC3A00028DC9 /* Models */,
				B87838522132AAFF00028DC9 /* Router */,
				B87839B32132CB2B00028DC9 /* DataSource & Delegate */,
				B87839AC2132BA7A00028DC9 /* Services */,
				B87838482132AAFF00028DC9 /* Storyboard */,
			);
			path = Gallery;
			sourceTree = "<group>";
		};
		B87838482132AAFF00028DC9 /* Storyboard */ = {
			isa = PBXGroup;
			children = (
				B87838492132AAFF00028DC9 /* Gallery.storyboard */,
			);
			path = Storyboard;
			sourceTree = "<group>";
		};
		B878384A2132AAFF00028DC9 /* Presenter */ = {
			isa = PBXGroup;
			children = (
				B878384B2132AAFF00028DC9 /* GalleryPresenter.swift */,
			);
			path = Presenter;
			sourceTree = "<group>";
		};
		B878384C2132AAFF00028DC9 /* Interactors */ = {
			isa = PBXGroup;
			children = (
				B878384D2132AAFF00028DC9 /* GalleryDataInteractor.swift */,
			);
			path = Interactors;
			sourceTree = "<group>";
		};
		B878384E2132AAFF00028DC9 /* Views */ = {
			isa = PBXGroup;
			children = (
				B878384F2132AAFF00028DC9 /* GalleryViewController.swift */,
				B87839C02132EDF300028DC9 /* GalleryTableViewCell.swift */,
			);
			path = Views;
			sourceTree = "<group>";
		};
		B87838502132AAFF00028DC9 /* Protocols */ = {
			isa = PBXGroup;
			children = (
				B87838512132AAFF00028DC9 /* GalleryInterfaces.swift */,
			);
			path = Protocols;
			sourceTree = "<group>";
		};
		B87838522132AAFF00028DC9 /* Router */ = {
			isa = PBXGroup;
			children = (
				B87838532132AAFF00028DC9 /* GalleryWireframe.swift */,
			);
			path = Router;
			sourceTree = "<group>";
		};
		B878385A2132AB6300028DC9 /* Protocols */ = {
			isa = PBXGroup;
			children = (
				B878385B2132AB6300028DC9 /* Viper */,
				B87839C22132EE2C00028DC9 /* Configurable.swift */,
			);
			path = Protocols;
			sourceTree = "<group>";
		};
		B878385B2132AB6300028DC9 /* Viper */ = {
			isa = PBXGroup;
			children = (
				B878385C2132AB6300028DC9 /* ExternalObjectViewInterfaceType.swift */,
				B878385D2132AB6300028DC9 /* PresenterInterface.swift */,
				B878385E2132AB6300028DC9 /* ViewInterface.swift */,
				B878385F2132AB6300028DC9 /* DataInteractorDelegateInterface.swift */,
				B87838602132AB6300028DC9 /* BaseWireframeInterface.swift */,
				B87838612132AB6300028DC9 /* InteractorInterface.swift */,
				B87838622132AB6300028DC9 /* DataInteractorInterface.swift */,
			);
			path = Viper;
			sourceTree = "<group>";
		};
		B878386A2132AEF000028DC9 /* Source */ = {
			isa = PBXGroup;
			children = (
				B878386C2132AEF000028DC9 /* Modules */,
			);
			path = Source;
			sourceTree = "<group>";
		};
		B878386C2132AEF000028DC9 /* Modules */ = {
			isa = PBXGroup;
			children = (
				B878386D2132AEF000028DC9 /* Gallery */,
			);
			path = Modules;
			sourceTree = "<group>";
		};
		B878386D2132AEF000028DC9 /* Gallery */ = {
			isa = PBXGroup;
			children = (
				B878386F2132AF3E00028DC9 /* Views */,
				B87838712132AF3E00028DC9 /* Interactors */,
				B87838702132AF3E00028DC9 /* Presenter */,
				B878386E2132AF3E00028DC9 /* Router */,
				B87839AD2132BA8900028DC9 /* Services */,
				B87839BB2132CCF500028DC9 /* DataSource & Delegate */,
			);
			path = Gallery;
			sourceTree = "<group>";
		};
		B878386E2132AF3E00028DC9 /* Router */ = {
			isa = PBXGroup;
			children = (
			);
			path = Router;
			sourceTree = "<group>";
		};
		B878386F2132AF3E00028DC9 /* Views */ = {
			isa = PBXGroup;
			children = (
			);
			path = Views;
			sourceTree = "<group>";
		};
		B87838702132AF3E00028DC9 /* Presenter */ = {
			isa = PBXGroup;
			children = (
			);
			path = Presenter;
			sourceTree = "<group>";
		};
		B87838712132AF3E00028DC9 /* Interactors */ = {
			isa = PBXGroup;
			children = (
			);
			path = Interactors;
			sourceTree = "<group>";
		};
		B87838722132AF9A00028DC9 /* Resource */ = {
			isa = PBXGroup;
			children = (
				B87838732132AF9A00028DC9 /* Info.plist */,
			);
			path = Resource;
			sourceTree = "<group>";
		};
		B87839AC2132BA7A00028DC9 /* Services */ = {
			isa = PBXGroup;
			children = (
				B87839AE2132BAB300028DC9 /* GalleryService.swift */,
			);
			path = Services;
			sourceTree = "<group>";
		};
		B87839AD2132BA8900028DC9 /* Services */ = {
			isa = PBXGroup;
			children = (
			);
			path = Services;
			sourceTree = "<group>";
		};
		B87839B32132CB2B00028DC9 /* DataSource & Delegate */ = {
			isa = PBXGroup;
			children = (
				B87839BC2132CDB700028DC9 /* GalleryDataSource.swift */,
				B87839BE2132CF5800028DC9 /* GalleryDelegate.swift */,
			);
			path = "DataSource & Delegate";
			sourceTree = "<group>";
		};
		B87839B72132CC3A00028DC9 /* Models */ = {
			isa = PBXGroup;
			children = (
				B87839B82132CC3A00028DC9 /* FlickrPhoto.swift */,
			);
			path = Models;
			sourceTree = "<group>";
		};
		B87839BB2132CCF500028DC9 /* DataSource & Delegate */ = {
			isa = PBXGroup;
			children = (
			);
			path = "DataSource & Delegate";
			sourceTree = "<group>";
		};
/* End PBXGroup section */

/* Begin PBXNativeTarget section */
		B87837C02132A8E600028DC9 /* Flickr */ = {
			isa = PBXNativeTarget;
			buildConfigurationList = B87837DE2132A8E600028DC9 /* Build configuration list for PBXNativeTarget "Flickr" */;
			buildPhases = (
				B87837BD2132A8E600028DC9 /* Sources */,
				B87837BE2132A8E600028DC9 /* Frameworks */,
				B87837BF2132A8E600028DC9 /* Resources */,
			);
			buildRules = (
			);
			dependencies = (
			);
			name = Flickr;
			productName = Flickr;
			productReference = B87837C12132A8E600028DC9 /* Flickr.app */;
			productType = "com.apple.product-type.application";
		};
		B87837D42132A8E600028DC9 /* FlickrTests */ = {
			isa = PBXNativeTarget;
			buildConfigurationList = B87837E12132A8E600028DC9 /* Build configuration list for PBXNativeTarget "FlickrTests" */;
			buildPhases = (
				B87837D12132A8E600028DC9 /* Sources */,
				B87837D22132A8E600028DC9 /* Frameworks */,
				B87837D32132A8E600028DC9 /* Resources */,
			);
			buildRules = (
			);
			dependencies = (
				B87837D72132A8E600028DC9 /* PBXTargetDependency */,
			);
			name = FlickrTests;
			productName = FlickrTests;
			productReference = B87837D52132A8E600028DC9 /* FlickrTests.xctest */;
			productType = "com.apple.product-type.bundle.unit-test";
		};
/* End PBXNativeTarget section */

/* Begin PBXProject section */
		B87837B92132A8E600028DC9 /* Project object */ = {
			isa = PBXProject;
			attributes = {
				LastSwiftUpdateCheck = 0940;
				LastUpgradeCheck = 0940;
				ORGANIZATIONNAME = "luca silvestro";
				TargetAttributes = {
					B87837C02132A8E600028DC9 = {
						CreatedOnToolsVersion = 9.4.1;
					};
					B87837D42132A8E600028DC9 = {
						CreatedOnToolsVersion = 9.4.1;
						TestTargetID = B87837C02132A8E600028DC9;
					};
				};
			};
			buildConfigurationList = B87837BC2132A8E600028DC9 /* Build configuration list for PBXProject "Flickr" */;
			compatibilityVersion = "Xcode 9.3";
			developmentRegion = en;
			hasScannedForEncodings = 0;
			knownRegions = (
				en,
				Base,
			);
			mainGroup = B87837B82132A8E600028DC9;
			productRefGroup = B87837C22132A8E600028DC9 /* Products */;
			projectDirPath = "";
			projectRoot = "";
			targets = (
				B87837C02132A8E600028DC9 /* Flickr */,
				B87837D42132A8E600028DC9 /* FlickrTests */,
			);
		};
/* End PBXProject section */

/* Begin PBXResourcesBuildPhase section */
		B87837BF2132A8E600028DC9 /* Resources */ = {
			isa = PBXResourcesBuildPhase;
			buildActionMask = 2147483647;
			files = (
				B87838542132AAFF00028DC9 /* Gallery.storyboard in Resources */,
				B878382C2132AA1400028DC9 /* Assets.xcassets in Resources */,
				B878382D2132AA1400028DC9 /* LaunchScreen.storyboard in Resources */,
			);
			runOnlyForDeploymentPostprocessing = 0;
		};
		B87837D32132A8E600028DC9 /* Resources */ = {
			isa = PBXResourcesBuildPhase;
			buildActionMask = 2147483647;
			files = (
				B87838742132AF9A00028DC9 /* Info.plist in Resources */,
			);
			runOnlyForDeploymentPostprocessing = 0;
		};
/* End PBXResourcesBuildPhase section */

/* Begin PBXSourcesBuildPhase section */
		B87837BD2132A8E600028DC9 /* Sources */ = {
			isa = PBXSourcesBuildPhase;
			buildActionMask = 2147483647;
			files = (
				B87838682132AB6300028DC9 /* InteractorInterface.swift in Sources */,
				B87838562132AAFF00028DC9 /* GalleryDataInteractor.swift in Sources */,
				B87839C12132EDF300028DC9 /* GalleryTableViewCell.swift in Sources */,
				B87838632132AB6300028DC9 /* ExternalObjectViewInterfaceType.swift in Sources */,
				B87838572132AAFF00028DC9 /* GalleryViewController.swift in Sources */,
				B87838672132AB6300028DC9 /* BaseWireframeInterface.swift in Sources */,
				B87839BD2132CDB700028DC9 /* GalleryDataSource.swift in Sources */,
				B87839BF2132CF5800028DC9 /* GalleryDelegate.swift in Sources */,
				B87838242132AA0800028DC9 /* AppDelegate.swift in Sources */,
				B87838652132AB6300028DC9 /* ViewInterface.swift in Sources */,
				B87838642132AB6300028DC9 /* PresenterInterface.swift in Sources */,
				B87838582132AAFF00028DC9 /* GalleryInterfaces.swift in Sources */,
				B87838662132AB6300028DC9 /* DataInteractorDelegateInterface.swift in Sources */,
				B87839AF2132BAB300028DC9 /* GalleryService.swift in Sources */,
				B87838552132AAFF00028DC9 /* GalleryPresenter.swift in Sources */,
				B87838692132AB6300028DC9 /* DataInteractorInterface.swift in Sources */,
				B87839B92132CC3A00028DC9 /* FlickrPhoto.swift in Sources */,
				B87839C32132EE2C00028DC9 /* Configurable.swift in Sources */,
				B87838592132AAFF00028DC9 /* GalleryWireframe.swift in Sources */,
			);
			runOnlyForDeploymentPostprocessing = 0;
		};
		B87837D12132A8E600028DC9 /* Sources */ = {
			isa = PBXSourcesBuildPhase;
			buildActionMask = 2147483647;
			files = (
			);
			runOnlyForDeploymentPostprocessing = 0;
		};
/* End PBXSourcesBuildPhase section */

/* Begin PBXTargetDependency section */
		B87837D72132A8E600028DC9 /* PBXTargetDependency */ = {
			isa = PBXTargetDependency;
			target = B87837C02132A8E600028DC9 /* Flickr */;
			targetProxy = B87837D62132A8E600028DC9 /* PBXContainerItemProxy */;
		};
/* End PBXTargetDependency section */

/* Begin PBXVariantGroup section */
		B87838272132AA1400028DC9 /* LaunchScreen.storyboard */ = {
			isa = PBXVariantGroup;
			children = (
				B87838282132AA1400028DC9 /* Base */,
			);
			name = LaunchScreen.storyboard;
			sourceTree = "<group>";
		};
/* End PBXVariantGroup section */

/* Begin XCBuildConfiguration section */
		B87837DC2132A8E600028DC9 /* Debug */ = {
			isa = XCBuildConfiguration;
			buildSettings = {
				ALWAYS_SEARCH_USER_PATHS = NO;
				CLANG_ANALYZER_NONNULL = YES;
				CLANG_ANALYZER_NUMBER_OBJECT_CONVERSION = YES_AGGRESSIVE;
				CLANG_CXX_LANGUAGE_STANDARD = "gnu++14";
				CLANG_CXX_LIBRARY = "libc++";
				CLANG_ENABLE_MODULES = YES;
				CLANG_ENABLE_OBJC_ARC = YES;
				CLANG_ENABLE_OBJC_WEAK = YES;
				CLANG_WARN_BLOCK_CAPTURE_AUTORELEASING = YES;
				CLANG_WARN_BOOL_CONVERSION = YES;
				CLANG_WARN_COMMA = YES;
				CLANG_WARN_CONSTANT_CONVERSION = YES;
				CLANG_WARN_DEPRECATED_OBJC_IMPLEMENTATIONS = YES;
				CLANG_WARN_DIRECT_OBJC_ISA_USAGE = YES_ERROR;
				CLANG_WARN_DOCUMENTATION_COMMENTS = YES;
				CLANG_WARN_EMPTY_BODY = YES;
				CLANG_WARN_ENUM_CONVERSION = YES;
				CLANG_WARN_INFINITE_RECURSION = YES;
				CLANG_WARN_INT_CONVERSION = YES;
				CLANG_WARN_NON_LITERAL_NULL_CONVERSION = YES;
				CLANG_WARN_OBJC_IMPLICIT_RETAIN_SELF = YES;
				CLANG_WARN_OBJC_LITERAL_CONVERSION = YES;
				CLANG_WARN_OBJC_ROOT_CLASS = YES_ERROR;
				CLANG_WARN_RANGE_LOOP_ANALYSIS = YES;
				CLANG_WARN_STRICT_PROTOTYPES = YES;
				CLANG_WARN_SUSPICIOUS_MOVE = YES;
				CLANG_WARN_UNGUARDED_AVAILABILITY = YES_AGGRESSIVE;
				CLANG_WARN_UNREACHABLE_CODE = YES;
				CLANG_WARN__DUPLICATE_METHOD_MATCH = YES;
				CODE_SIGN_IDENTITY = "iPhone Developer";
				COPY_PHASE_STRIP = NO;
				DEBUG_INFORMATION_FORMAT = dwarf;
				ENABLE_STRICT_OBJC_MSGSEND = YES;
				ENABLE_TESTABILITY = YES;
				GCC_C_LANGUAGE_STANDARD = gnu11;
				GCC_DYNAMIC_NO_PIC = NO;
				GCC_NO_COMMON_BLOCKS = YES;
				GCC_OPTIMIZATION_LEVEL = 0;
				GCC_PREPROCESSOR_DEFINITIONS = (
					"DEBUG=1",
					"$(inherited)",
				);
				GCC_WARN_64_TO_32_BIT_CONVERSION = YES;
				GCC_WARN_ABOUT_RETURN_TYPE = YES_ERROR;
				GCC_WARN_UNDECLARED_SELECTOR = YES;
				GCC_WARN_UNINITIALIZED_AUTOS = YES_AGGRESSIVE;
				GCC_WARN_UNUSED_FUNCTION = YES;
				GCC_WARN_UNUSED_VARIABLE = YES;
				IPHONEOS_DEPLOYMENT_TARGET = 11.4;
				MTL_ENABLE_DEBUG_INFO = YES;
				ONLY_ACTIVE_ARCH = YES;
				SDKROOT = iphoneos;
				SWIFT_ACTIVE_COMPILATION_CONDITIONS = DEBUG;
				SWIFT_OPTIMIZATION_LEVEL = "-Onone";
			};
			name = Debug;
		};
		B87837DD2132A8E600028DC9 /* Release */ = {
			isa = XCBuildConfiguration;
			buildSettings = {
				ALWAYS_SEARCH_USER_PATHS = NO;
				CLANG_ANALYZER_NONNULL = YES;
				CLANG_ANALYZER_NUMBER_OBJECT_CONVERSION = YES_AGGRESSIVE;
				CLANG_CXX_LANGUAGE_STANDARD = "gnu++14";
				CLANG_CXX_LIBRARY = "libc++";
				CLANG_ENABLE_MODULES = YES;
				CLANG_ENABLE_OBJC_ARC = YES;
				CLANG_ENABLE_OBJC_WEAK = YES;
				CLANG_WARN_BLOCK_CAPTURE_AUTORELEASING = YES;
				CLANG_WARN_BOOL_CONVERSION = YES;
				CLANG_WARN_COMMA = YES;
				CLANG_WARN_CONSTANT_CONVERSION = YES;
				CLANG_WARN_DEPRECATED_OBJC_IMPLEMENTATIONS = YES;
				CLANG_WARN_DIRECT_OBJC_ISA_USAGE = YES_ERROR;
				CLANG_WARN_DOCUMENTATION_COMMENTS = YES;
				CLANG_WARN_EMPTY_BODY = YES;
				CLANG_WARN_ENUM_CONVERSION = YES;
				CLANG_WARN_INFINITE_RECURSION = YES;
				CLANG_WARN_INT_CONVERSION = YES;
				CLANG_WARN_NON_LITERAL_NULL_CONVERSION = YES;
				CLANG_WARN_OBJC_IMPLICIT_RETAIN_SELF = YES;
				CLANG_WARN_OBJC_LITERAL_CONVERSION = YES;
				CLANG_WARN_OBJC_ROOT_CLASS = YES_ERROR;
				CLANG_WARN_RANGE_LOOP_ANALYSIS = YES;
				CLANG_WARN_STRICT_PROTOTYPES = YES;
				CLANG_WARN_SUSPICIOUS_MOVE = YES;
				CLANG_WARN_UNGUARDED_AVAILABILITY = YES_AGGRESSIVE;
				CLANG_WARN_UNREACHABLE_CODE = YES;
				CLANG_WARN__DUPLICATE_METHOD_MATCH = YES;
				CODE_SIGN_IDENTITY = "iPhone Developer";
				COPY_PHASE_STRIP = NO;
				DEBUG_INFORMATION_FORMAT = "dwarf-with-dsym";
				ENABLE_NS_ASSERTIONS = NO;
				ENABLE_STRICT_OBJC_MSGSEND = YES;
				GCC_C_LANGUAGE_STANDARD = gnu11;
				GCC_NO_COMMON_BLOCKS = YES;
				GCC_WARN_64_TO_32_BIT_CONVERSION = YES;
				GCC_WARN_ABOUT_RETURN_TYPE = YES_ERROR;
				GCC_WARN_UNDECLARED_SELECTOR = YES;
				GCC_WARN_UNINITIALIZED_AUTOS = YES_AGGRESSIVE;
				GCC_WARN_UNUSED_FUNCTION = YES;
				GCC_WARN_UNUSED_VARIABLE = YES;
				IPHONEOS_DEPLOYMENT_TARGET = 11.4;
				MTL_ENABLE_DEBUG_INFO = NO;
				SDKROOT = iphoneos;
				SWIFT_COMPILATION_MODE = wholemodule;
				SWIFT_OPTIMIZATION_LEVEL = "-O";
				VALIDATE_PRODUCT = YES;
			};
			name = Release;
		};
		B87837DF2132A8E600028DC9 /* Debug */ = {
			isa = XCBuildConfiguration;
			buildSettings = {
				ASSETCATALOG_COMPILER_APPICON_NAME = AppIcon;
				CODE_SIGN_STYLE = Automatic;
				INFOPLIST_FILE = Flickr/Resources/Info.plist;
				LD_RUNPATH_SEARCH_PATHS = (
					"$(inherited)",
					"@executable_path/Frameworks",
				);
				PRODUCT_BUNDLE_IDENTIFIER = co.uk.flickr.Flickr;
				PRODUCT_NAME = "$(TARGET_NAME)";
				SWIFT_VERSION = 4.0;
				TARGETED_DEVICE_FAMILY = "1,2";
			};
			name = Debug;
		};
		B87837E02132A8E600028DC9 /* Release */ = {
			isa = XCBuildConfiguration;
			buildSettings = {
				ASSETCATALOG_COMPILER_APPICON_NAME = AppIcon;
				CODE_SIGN_STYLE = Automatic;
				INFOPLIST_FILE = Flickr/Resources/Info.plist;
				LD_RUNPATH_SEARCH_PATHS = (
					"$(inherited)",
					"@executable_path/Frameworks",
				);
				PRODUCT_BUNDLE_IDENTIFIER = co.uk.flickr.Flickr;
				PRODUCT_NAME = "$(TARGET_NAME)";
				SWIFT_VERSION = 4.0;
				TARGETED_DEVICE_FAMILY = "1,2";
			};
			name = Release;
		};
		B87837E22132A8E600028DC9 /* Debug */ = {
			isa = XCBuildConfiguration;
			buildSettings = {
				ALWAYS_EMBED_SWIFT_STANDARD_LIBRARIES = YES;
				BUNDLE_LOADER = "$(TEST_HOST)";
				CODE_SIGN_STYLE = Automatic;
				INFOPLIST_FILE = FlickrTests/Resources/Info.plist;
				LD_RUNPATH_SEARCH_PATHS = (
					"$(inherited)",
					"@executable_path/Frameworks",
					"@loader_path/Frameworks",
				);
				PRODUCT_BUNDLE_IDENTIFIER = co.uk.flickr.FlickrTests;
				PRODUCT_NAME = "$(TARGET_NAME)";
				SWIFT_VERSION = 4.0;
				TARGETED_DEVICE_FAMILY = "1,2";
				TEST_HOST = "$(BUILT_PRODUCTS_DIR)/Flickr.app/Flickr";
			};
			name = Debug;
		};
		B87837E32132A8E600028DC9 /* Release */ = {
			isa = XCBuildConfiguration;
			buildSettings = {
				ALWAYS_EMBED_SWIFT_STANDARD_LIBRARIES = YES;
				BUNDLE_LOADER = "$(TEST_HOST)";
				CODE_SIGN_STYLE = Automatic;
				INFOPLIST_FILE = FlickrTests/Resources/Info.plist;
				LD_RUNPATH_SEARCH_PATHS = (
					"$(inherited)",
					"@executable_path/Frameworks",
					"@loader_path/Frameworks",
				);
				PRODUCT_BUNDLE_IDENTIFIER = co.uk.flickr.FlickrTests;
				PRODUCT_NAME = "$(TARGET_NAME)";
				SWIFT_VERSION = 4.0;
				TARGETED_DEVICE_FAMILY = "1,2";
				TEST_HOST = "$(BUILT_PRODUCTS_DIR)/Flickr.app/Flickr";
			};
			name = Release;
		};
/* End XCBuildConfiguration section */

/* Begin XCConfigurationList section */
		B87837BC2132A8E600028DC9 /* Build configuration list for PBXProject "Flickr" */ = {
			isa = XCConfigurationList;
			buildConfigurations = (
				B87837DC2132A8E600028DC9 /* Debug */,
				B87837DD2132A8E600028DC9 /* Release */,
			);
			defaultConfigurationIsVisible = 0;
			defaultConfigurationName = Release;
		};
		B87837DE2132A8E600028DC9 /* Build configuration list for PBXNativeTarget "Flickr" */ = {
			isa = XCConfigurationList;
			buildConfigurations = (
				B87837DF2132A8E600028DC9 /* Debug */,
				B87837E02132A8E600028DC9 /* Release */,
			);
			defaultConfigurationIsVisible = 0;
			defaultConfigurationName = Release;
		};
		B87837E12132A8E600028DC9 /* Build configuration list for PBXNativeTarget "FlickrTests" */ = {
			isa = XCConfigurationList;
			buildConfigurations = (
				B87837E22132A8E600028DC9 /* Debug */,
				B87837E32132A8E600028DC9 /* Release */,
			);
			defaultConfigurationIsVisible = 0;
			defaultConfigurationName = Release;
		};
/* End XCConfigurationList section */
	};
	rootObject = B87837B92132A8E600028DC9 /* Project object */;
}
